
Microsoft Visual Studio Solution File, Format Version 12.00
# Visual Studio 15
VisualStudioVersion = 15.0.27004.2009
MinimumVisualStudioVersion = 10.0.40219.1
Project("{9A19103F-16F7-4668-BE54-9A1E7A4F7556}") = "DrySafe", "DrySafe\DrySafe.csproj", "{ECE3801B-51F9-41C8-9710-6727106912A9}"
EndProject
Global
	GlobalSection(SolutionConfigurationPlatforms) = preSolution
		Debug|Any CPU = Debug|Any CPU
		Release|Any CPU = Release|Any CPU
	EndGlobalSection
	GlobalSection(ProjectConfigurationPlatforms) = postSolution
		{ECE3801B-51F9-41C8-9710-6727106912A9}.Debug|Any CPU.ActiveCfg = Debug|Any CPU
		{ECE3801B-51F9-41C8-9710-6727106912A9}.Debug|Any CPU.Build.0 = Debug|Any CPU
		{ECE3801B-51F9-41C8-9710-6727106912A9}.Release|Any CPU.ActiveCfg = Release|Any CPU
		{ECE3801B-51F9-41C8-9710-6727106912A9}.Release|Any CPU.Build.0 = Release|Any CPU
	EndGlobalSection
	GlobalSection(SolutionProperties) = preSolution
		HideSolutionNode = FALSE
	EndGlobalSection
	GlobalSection(ExtensibilityGlobals) = postSolution
		SolutionGuid = {8D20F247-8952-4689-ABC1-F3ECBAB2483F}
	EndGlobalSection
EndGlobal
